
Microsoft Visual Studio Solution File, Format Version 12.00
# Visual Studio Version 16
VisualStudioVersion = 16.0.30717.126
MinimumVisualStudioVersion = 10.0.40219.1
Project("{FAE04EC0-301F-11D3-BF4B-00C04F79EFBC}") = "rps", "rps.csproj", "{3D463603-5945-46D6-94C6-3DC82FA723A9}"
EndProject
Global
	GlobalSection(SolutionConfigurationPlatforms) = preSolution
		Debug|Any CPU = Debug|Any CPU
		Release|Any CPU = Release|Any CPU
	EndGlobalSection
	GlobalSection(ProjectConfigurationPlatforms) = postSolution
		{3D463603-5945-46D6-94C6-3DC82FA723A9}.Debug|Any CPU.ActiveCfg = Debug|Any CPU
		{3D463603-5945-46D6-94C6-3DC82FA723A9}.Debug|Any CPU.Build.0 = Debug|Any CPU
		{3D463603-5945-46D6-94C6-3DC82FA723A9}.Release|Any CPU.ActiveCfg = Release|Any CPU
		{3D463603-5945-46D6-94C6-3DC82FA723A9}.Release|Any CPU.Build.0 = Release|Any CPU
	EndGlobalSection
	GlobalSection(SolutionProperties) = preSolution
		HideSolutionNode = FALSE
	EndGlobalSection
	GlobalSection(ExtensibilityGlobals) = postSolution
		SolutionGuid = {C0D0CCA7-D6E6-473A-AB3D-D13C627AF027}
	EndGlobalSection
EndGlobal
